
Microsoft Visual Studio Solution File, Format Version 12.00
# Visual Studio Version 17
VisualStudioVersion = 17.8.34525.116
MinimumVisualStudioVersion = 10.0.40219.1
Project("{FAE04EC0-301F-11D3-BF4B-00C04F79EFBC}") = "CacheTips", "CacheTips.csproj", "{C31CDF7E-B399-473D-A0F0-89ECF8B699AF}"
EndProject
Global
	GlobalSection(SolutionConfigurationPlatforms) = preSolution
		Debug|Any CPU = Debug|Any CPU
		Release|Any CPU = Release|Any CPU
	EndGlobalSection
	GlobalSection(ProjectConfigurationPlatforms) = postSolution
		{C31CDF7E-B399-473D-A0F0-89ECF8B699AF}.Debug|Any CPU.ActiveCfg = Debug|Any CPU
		{C31CDF7E-B399-473D-A0F0-89ECF8B699AF}.Debug|Any CPU.Build.0 = Debug|Any CPU
		{C31CDF7E-B399-473D-A0F0-89ECF8B699AF}.Release|Any CPU.ActiveCfg = Release|Any CPU
		{C31CDF7E-B399-473D-A0F0-89ECF8B699AF}.Release|Any CPU.Build.0 = Release|Any CPU
	EndGlobalSection
	GlobalSection(SolutionProperties) = preSolution
		HideSolutionNode = FALSE
	EndGlobalSection
	GlobalSection(ExtensibilityGlobals) = postSolution
		SolutionGuid = {183F2D33-E05D-45F8-89CE-E89E31563D27}
	EndGlobalSection
EndGlobal
